
Microsoft Visual Studio Solution File, Format Version 12.00
# Visual Studio Version 16
VisualStudioVersion = 16.0.31205.134
MinimumVisualStudioVersion = 10.0.40219.1
Project("{FAE04EC0-301F-11D3-BF4B-00C04F79EFBC}") = "Scrapper", "Scrapper\Scrapper.csproj", "{1D70DE65-7EB4-4E9B-83DC-7E64F61034D7}"
EndProject
Global
	GlobalSection(SolutionConfigurationPlatforms) = preSolution
		Debug|Any CPU = Debug|Any CPU
		Release|Any CPU = Release|Any CPU
	EndGlobalSection
	GlobalSection(ProjectConfigurationPlatforms) = postSolution
		{1D70DE65-7EB4-4E9B-83DC-7E64F61034D7}.Debug|Any CPU.ActiveCfg = Debug|Any CPU
		{1D70DE65-7EB4-4E9B-83DC-7E64F61034D7}.Debug|Any CPU.Build.0 = Debug|Any CPU
		{1D70DE65-7EB4-4E9B-83DC-7E64F61034D7}.Release|Any CPU.ActiveCfg = Release|Any CPU
		{1D70DE65-7EB4-4E9B-83DC-7E64F61034D7}.Release|Any CPU.Build.0 = Release|Any CPU
	EndGlobalSection
	GlobalSection(SolutionProperties) = preSolution
		HideSolutionNode = FALSE
	EndGlobalSection
	GlobalSection(ExtensibilityGlobals) = postSolution
		SolutionGuid = {6F5E2BA8-E508-467E-8976-E0D01BAA6E80}
	EndGlobalSection
EndGlobal
